uuid: eda984ab-2531-4a11-ab9e-4a0a3015f1c8
langcode: en
status: true
dependencies:
  module:
    - dashboard
    - system
  theme:
    - singleportal
id: changepasswordblock
theme: singleportal
region: content
weight: 0
provider: null
plugin: change_password_block
settings:
  id: change_password_block
  label: 'Change Password block'
  provider: dashboard
  label_display: '0'
  my_block_settings: null
visibility:
  request_path:
    id: request_path
    pages: /home
    negate: false
    context_mapping: {  }
